// !$*UTF8*$!
{
	archiveVersion = 1;
	classes = {
	};
	objectVersion = 55;
	objects = {

/* Begin PBXBuildFile section */
		B40EDE0B27FB2E1D00E55DCF /* LaunchScreen.storyboard in Resources */ = {isa = PBXBuildFile; fileRef = B40EDE0A27FB2E1D00E55DCF /* LaunchScreen.storyboard */; };
		B4263AB927EFBD510032BF97 /* NoItemsView.swift in Sources */ = {isa = PBXBuildFile; fileRef = B4263AB827EFBD510032BF97 /* NoItemsView.swift */; };
		B49ED70227E710C800714A67 /* ListViewModel.swift in Sources */ = {isa = PBXBuildFile; fileRef = B49ED70127E710C800714A67 /* ListViewModel.swift */; };
		B4C4AEFD27E665D600D25C35 /* ItemModel.swift in Sources */ = {isa = PBXBuildFile; fileRef = B4C4AEFC27E665D600D25C35 /* ItemModel.swift */; };
		B4CAD25127E5F1880092C958 /* TodoListApp.swift in Sources */ = {isa = PBXBuildFile; fileRef = B4CAD25027E5F1880092C958 /* TodoListApp.swift */; };
		B4CAD25527E5F18A0092C958 /* Assets.xcassets in Resources */ = {isa = PBXBuildFile; fileRef = B4CAD25427E5F18A0092C958 /* Assets.xcassets */; };
		B4CAD25827E5F18A0092C958 /* Preview Assets.xcassets in Resources */ = {isa = PBXBuildFile; fileRef = B4CAD25727E5F18A0092C958 /* Preview Assets.xcassets */; };
		B4CAD26227E5F18A0092C958 /* TodoListTests.swift in Sources */ = {isa = PBXBuildFile; fileRef = B4CAD26127E5F18A0092C958 /* TodoListTests.swift */; };
		B4CAD26C27E5F18A0092C958 /* TodoListUITests.swift in Sources */ = {isa = PBXBuildFile; fileRef = B4CAD26B27E5F18A0092C958 /* TodoListUITests.swift */; };
		B4CAD26E27E5F18A0092C958 /* TodoListUITestsLaunchTests.swift in Sources */ = {isa = PBXBuildFile; fileRef = B4CAD26D27E5F18A0092C958 /* TodoListUITestsLaunchTests.swift */; };
		B4CAD27C27E5F47C0092C958 /* ListView.swift in Sources */ = {isa = PBXBuildFile; fileRef = B4CAD27B27E5F47C0092C958 /* ListView.swift */; };
		B4CAD27E27E5FE1C0092C958 /* ListRowView.swift in Sources */ = {isa = PBXBuildFile; fileRef = B4CAD27D27E5FE1C0092C958 /* ListRowView.swift */; };
		B4D709F727E62D67005E34D5 /* AddView.swift in Sources */ = {isa = PBXBuildFile; fileRef = B4D709F627E62D67005E34D5 /* AddView.swift */; };
/* End PBXBuildFile section */

/* Begin PBXContainerItemProxy section */
		B4CAD25E27E5F18A0092C958 /* PBXContainerItemProxy */ = {
			isa = PBXContainerItemProxy;
			containerPortal = B4CAD24527E5F1870092C958 /* Project object */;
			proxyType = 1;
			remoteGlobalIDString = B4CAD24C27E5F1870092C958;
			remoteInfo = TodoList;
		};
		B4CAD26827E5F18A0092C958 /* PBXContainerItemProxy */ = {
			isa = PBXContainerItemProxy;
			containerPortal = B4CAD24527E5F1870092C958 /* Project object */;
			proxyType = 1;
			remoteGlobalIDString = B4CAD24C27E5F1870092C958;
			remoteInfo = TodoList;
		};
/* End PBXContainerItemProxy section */

/* Begin PBXFileReference section */
		B40EDE0A27FB2E1D00E55DCF /* LaunchScreen.storyboard */ = {isa = PBXFileReference; lastKnownFileType = file.storyboard; path = LaunchScreen.storyboard; sourceTree = "<group>"; };
		B4263AB827EFBD510032BF97 /* NoItemsView.swift */ = {isa = PBXFileReference; lastKnownFileType = sourcecode.swift; path = NoItemsView.swift; sourceTree = "<group>"; };
		B49ED70127E710C800714A67 /* ListViewModel.swift */ = {isa = PBXFileReference; lastKnownFileType = sourcecode.swift; path = ListViewModel.swift; sourceTree = "<group>"; };
		B4A4615727FB7BAA00FAA79F /* Info.plist */ = {isa = PBXFileReference; lastKnownFileType = text.plist; path = Info.plist; sourceTree = "<group>"; };
		B4C4AEFC27E665D600D25C35 /* ItemModel.swift */ = {isa = PBXFileReference; lastKnownFileType = sourcecode.swift; path = ItemModel.swift; sourceTree = "<group>"; };
		B4CAD24D27E5F1870092C958 /* TodoList.app */ = {isa = PBXFileReference; explicitFileType = wrapper.application; includeInIndex = 0; path = TodoList.app; sourceTree = BUILT_PRODUCTS_DIR; };
		B4CAD25027E5F1880092C958 /* TodoListApp.swift */ = {isa = PBXFileReference; lastKnownFileType = sourcecode.swift; path = TodoListApp.swift; sourceTree = "<group>"; };
		B4CAD25427E5F18A0092C958 /* Assets.xcassets */ = {isa = PBXFileReference; lastKnownFileType = folder.assetcatalog; path = Assets.xcassets; sourceTree = "<group>"; };
		B4CAD25727E5F18A0092C958 /* Preview Assets.xcassets */ = {isa = PBXFileReference; lastKnownFileType = folder.assetcatalog; path = "Preview Assets.xcassets"; sourceTree = "<group>"; };
		B4CAD25D27E5F18A0092C958 /* TodoListTests.xctest */ = {isa = PBXFileReference; explicitFileType = wrapper.cfbundle; includeInIndex = 0; path = TodoListTests.xctest; sourceTree = BUILT_PRODUCTS_DIR; };
		B4CAD26127E5F18A0092C958 /* TodoListTests.swift */ = {isa = PBXFileReference; lastKnownFileType = sourcecode.swift; path = TodoListTests.swift; sourceTree = "<group>"; };
		B4CAD26727E5F18A0092C958 /* TodoListUITests.xctest */ = {isa = PBXFileReference; explicitFileType = wrapper.cfbundle; includeInIndex = 0; path = TodoListUITests.xctest; sourceTree = BUILT_PRODUCTS_DIR; };
		B4CAD26B27E5F18A0092C958 /* TodoListUITests.swift */ = {isa = PBXFileReference; lastKnownFileType = sourcecode.swift; path = TodoListUITests.swift; sourceTree = "<group>"; };
		B4CAD26D27E5F18A0092C958 /* TodoListUITestsLaunchTests.swift */ = {isa = PBXFileReference; lastKnownFileType = sourcecode.swift; path = TodoListUITestsLaunchTests.swift; sourceTree = "<group>"; };
		B4CAD27B27E5F47C0092C958 /* ListView.swift */ = {isa = PBXFileReference; lastKnownFileType = sourcecode.swift; path = ListView.swift; sourceTree = "<group>"; };
		B4CAD27D27E5FE1C0092C958 /* ListRowView.swift */ = {isa = PBXFileReference; lastKnownFileType = sourcecode.swift; path = ListRowView.swift; sourceTree = "<group>"; };
		B4D709F627E62D67005E34D5 /* AddView.swift */ = {isa = PBXFileReference; lastKnownFileType = sourcecode.swift; path = AddView.swift; sourceTree = "<group>"; };
/* End PBXFileReference section */

/* Begin PBXFrameworksBuildPhase section */
		B4CAD24A27E5F1870092C958 /* Frameworks */ = {
			isa = PBXFrameworksBuildPhase;
			buildActionMask = 2147483647;
			files = (
			);
			runOnlyForDeploymentPostprocessing = 0;
		};
		B4CAD25A27E5F18A0092C958 /* Frameworks */ = {
			isa = PBXFrameworksBuildPhase;
			buildActionMask = 2147483647;
			files = (
			);
			runOnlyForDeploymentPostprocessing = 0;
		};
		B4CAD26427E5F18A0092C958 /* Frameworks */ = {
			isa = PBXFrameworksBuildPhase;
			buildActionMask = 2147483647;
			files = (
			);
			runOnlyForDeploymentPostprocessing = 0;
		};
/* End PBXFrameworksBuildPhase section */

/* Begin PBXGroup section */
		B49ED70027E7107500714A67 /* ViewModel */ = {
			isa = PBXGroup;
			children = (
				B49ED70127E710C800714A67 /* ListViewModel.swift */,
			);
			path = ViewModel;
			sourceTree = "<group>";
		};
		B4C4AEF927E6656800D25C35 /* Models */ = {
			isa = PBXGroup;
			children = (
				B4C4AEFC27E665D600D25C35 /* ItemModel.swift */,
			);
			path = Models;
			sourceTree = "<group>";
		};
		B4CAD24427E5F1870092C958 = {
			isa = PBXGroup;
			children = (
				B4CAD24F27E5F1880092C958 /* TodoList */,
				B4CAD26027E5F18A0092C958 /* TodoListTests */,
				B4CAD26A27E5F18A0092C958 /* TodoListUITests */,
				B4CAD24E27E5F1870092C958 /* Products */,
			);
			sourceTree = "<group>";
		};
		B4CAD24E27E5F1870092C958 /* Products */ = {
			isa = PBXGroup;
			children = (
				B4CAD24D27E5F1870092C958 /* TodoList.app */,
				B4CAD25D27E5F18A0092C958 /* TodoListTests.xctest */,
				B4CAD26727E5F18A0092C958 /* TodoListUITests.xctest */,
			);
			name = Products;
			sourceTree = "<group>";
		};
		B4CAD24F27E5F1880092C958 /* TodoList */ = {
			isa = PBXGroup;
			children = (
				B4A4615727FB7BAA00FAA79F /* Info.plist */,
				B4CAD25027E5F1880092C958 /* TodoListApp.swift */,
				B4C4AEF927E6656800D25C35 /* Models */,
				B49ED70027E7107500714A67 /* ViewModel */,
				B4CAD27A27E5F42A0092C958 /* Views */,
				B4CAD25427E5F18A0092C958 /* Assets.xcassets */,
				B4CAD25627E5F18A0092C958 /* Preview Content */,
			);
			path = TodoList;
			sourceTree = "<group>";
		};
		B4CAD25627E5F18A0092C958 /* Preview Content */ = {
			isa = PBXGroup;
			children = (
				B4CAD25727E5F18A0092C958 /* Preview Assets.xcassets */,
			);
			path = "Preview Content";
			sourceTree = "<group>";
		};
		B4CAD26027E5F18A0092C958 /* TodoListTests */ = {
			isa = PBXGroup;
			children = (
				B4CAD26127E5F18A0092C958 /* TodoListTests.swift */,
			);
			path = TodoListTests;
			sourceTree = "<group>";
		};
		B4CAD26A27E5F18A0092C958 /* TodoListUITests */ = {
			isa = PBXGroup;
			children = (
				B4CAD26B27E5F18A0092C958 /* TodoListUITests.swift */,
				B4CAD26D27E5F18A0092C958 /* TodoListUITestsLaunchTests.swift */,
			);
			path = TodoListUITests;
			sourceTree = "<group>";
		};
		B4CAD27A27E5F42A0092C958 /* Views */ = {
			isa = PBXGroup;
			children = (
				B4CAD27B27E5F47C0092C958 /* ListView.swift */,
				B4CAD27D27E5FE1C0092C958 /* ListRowView.swift */,
				B4D709F627E62D67005E34D5 /* AddView.swift */,
				B4263AB827EFBD510032BF97 /* NoItemsView.swift */,
				B40EDE0A27FB2E1D00E55DCF /* LaunchScreen.storyboard */,
			);
			path = Views;
			sourceTree = "<group>";
		};
/* End PBXGroup section */

/* Begin PBXNativeTarget section */
		B4CAD24C27E5F1870092C958 /* TodoList */ = {
			isa = PBXNativeTarget;
			buildConfigurationList = B4CAD27127E5F18A0092C958 /* Build configuration list for PBXNativeTarget "TodoList" */;
			buildPhases = (
				B4CAD24927E5F1870092C958 /* Sources */,
				B4CAD24A27E5F1870092C958 /* Frameworks */,
				B4CAD24B27E5F1870092C958 /* Resources */,
			);
			buildRules = (
			);
			dependencies = (
			);
			name = TodoList;
			productName = TodoList;
			productReference = B4CAD24D27E5F1870092C958 /* TodoList.app */;
			productType = "com.apple.product-type.application";
		};
		B4CAD25C27E5F18A0092C958 /* TodoListTests */ = {
			isa = PBXNativeTarget;
			buildConfigurationList = B4CAD27427E5F18A0092C958 /* Build configuration list for PBXNativeTarget "TodoListTests" */;
			buildPhases = (
				B4CAD25927E5F18A0092C958 /* Sources */,
				B4CAD25A27E5F18A0092C958 /* Frameworks */,
				B4CAD25B27E5F18A0092C958 /* Resources */,
			);
			buildRules = (
			);
			dependencies = (
				B4CAD25F27E5F18A0092C958 /* PBXTargetDependency */,
			);
			name = TodoListTests;
			productName = TodoListTests;
			productReference = B4CAD25D27E5F18A0092C958 /* TodoListTests.xctest */;
			productType = "com.apple.product-type.bundle.unit-test";
		};
		B4CAD26627E5F18A0092C958 /* TodoListUITests */ = {
			isa = PBXNativeTarget;
			buildConfigurationList = B4CAD27727E5F18A0092C958 /* Build configuration list for PBXNativeTarget "TodoListUITests" */;
			buildPhases = (
				B4CAD26327E5F18A0092C958 /* Sources */,
				B4CAD26427E5F18A0092C958 /* Frameworks */,
				B4CAD26527E5F18A0092C958 /* Resources */,
			);
			buildRules = (
			);
			dependencies = (
				B4CAD26927E5F18A0092C958 /* PBXTargetDependency */,
			);
			name = TodoListUITests;
			productName = TodoListUITests;
			productReference = B4CAD26727E5F18A0092C958 /* TodoListUITests.xctest */;
			productType = "com.apple.product-type.bundle.ui-testing";
		};
/* End PBXNativeTarget section */

/* Begin PBXProject section */
		B4CAD24527E5F1870092C958 /* Project object */ = {
			isa = PBXProject;
			attributes = {
				BuildIndependentTargetsInParallel = 1;
				LastSwiftUpdateCheck = 1320;
				LastUpgradeCheck = 1320;
				TargetAttributes = {
					B4CAD24C27E5F1870092C958 = {
						CreatedOnToolsVersion = 13.2.1;
					};
					B4CAD25C27E5F18A0092C958 = {
						CreatedOnToolsVersion = 13.2.1;
						TestTargetID = B4CAD24C27E5F1870092C958;
					};
					B4CAD26627E5F18A0092C958 = {
						CreatedOnToolsVersion = 13.2.1;
						TestTargetID = B4CAD24C27E5F1870092C958;
					};
				};
			};
			buildConfigurationList = B4CAD24827E5F1870092C958 /* Build configuration list for PBXProject "TodoList" */;
			compatibilityVersion = "Xcode 13.0";
			developmentRegion = en;
			hasScannedForEncodings = 0;
			knownRegions = (
				en,
				Base,
			);
			mainGroup = B4CAD24427E5F1870092C958;
			productRefGroup = B4CAD24E27E5F1870092C958 /* Products */;
			projectDirPath = "";
			projectRoot = "";
			targets = (
				B4CAD24C27E5F1870092C958 /* TodoList */,
				B4CAD25C27E5F18A0092C958 /* TodoListTests */,
				B4CAD26627E5F18A0092C958 /* TodoListUITests */,
			);
		};
/* End PBXProject section */

/* Begin PBXResourcesBuildPhase section */
		B4CAD24B27E5F1870092C958 /* Resources */ = {
			isa = PBXResourcesBuildPhase;
			buildActionMask = 2147483647;
			files = (
				B40EDE0B27FB2E1D00E55DCF /* LaunchScreen.storyboard in Resources */,
				B4CAD25827E5F18A0092C958 /* Preview Assets.xcassets in Resources */,
				B4CAD25527E5F18A0092C958 /* Assets.xcassets in Resources */,
			);
			runOnlyForDeploymentPostprocessing = 0;
		};
		B4CAD25B27E5F18A0092C958 /* Resources */ = {
			isa = PBXResourcesBuildPhase;
			buildActionMask = 2147483647;
			files = (
			);
			runOnlyForDeploymentPostprocessing = 0;
		};
		B4CAD26527E5F18A0092C958 /* Resources */ = {
			isa = PBXResourcesBuildPhase;
			buildActionMask = 2147483647;
			files = (
			);
			runOnlyForDeploymentPostprocessing = 0;
		};
/* End PBXResourcesBuildPhase section */

/* Begin PBXSourcesBuildPhase section */
		B4CAD24927E5F1870092C958 /* Sources */ = {
			isa = PBXSourcesBuildPhase;
			buildActionMask = 2147483647;
			files = (
				B4C4AEFD27E665D600D25C35 /* ItemModel.swift in Sources */,
				B4D709F727E62D67005E34D5 /* AddView.swift in Sources */,
				B49ED70227E710C800714A67 /* ListViewModel.swift in Sources */,
				B4CAD25127E5F1880092C958 /* TodoListApp.swift in Sources */,
				B4CAD27C27E5F47C0092C958 /* ListView.swift in Sources */,
				B4263AB927EFBD510032BF97 /* NoItemsView.swift in Sources */,
				B4CAD27E27E5FE1C0092C958 /* ListRowView.swift in Sources */,
			);
			runOnlyForDeploymentPostprocessing = 0;
		};
		B4CAD25927E5F18A0092C958 /* Sources */ = {
			isa = PBXSourcesBuildPhase;
			buildActionMask = 2147483647;
			files = (
				B4CAD26227E5F18A0092C958 /* TodoListTests.swift in Sources */,
			);
			runOnlyForDeploymentPostprocessing = 0;
		};
		B4CAD26327E5F18A0092C958 /* Sources */ = {
			isa = PBXSourcesBuildPhase;
			buildActionMask = 2147483647;
			files = (
				B4CAD26E27E5F18A0092C958 /* TodoListUITestsLaunchTests.swift in Sources */,
				B4CAD26C27E5F18A0092C958 /* TodoListUITests.swift in Sources */,
			);
			runOnlyForDeploymentPostprocessing = 0;
		};
/* End PBXSourcesBuildPhase section */

/* Begin PBXTargetDependency section */
		B4CAD25F27E5F18A0092C958 /* PBXTargetDependency */ = {
			isa = PBXTargetDependency;
			target = B4CAD24C27E5F1870092C958 /* TodoList */;
			targetProxy = B4CAD25E27E5F18A0092C958 /* PBXContainerItemProxy */;
		};
		B4CAD26927E5F18A0092C958 /* PBXTargetDependency */ = {
			isa = PBXTargetDependency;
			target = B4CAD24C27E5F1870092C958 /* TodoList */;
			targetProxy = B4CAD26827E5F18A0092C958 /* PBXContainerItemProxy */;
		};
/* End PBXTargetDependency section */

/* Begin XCBuildConfiguration section */
		B4CAD26F27E5F18A0092C958 /* Debug */ = {
			isa = XCBuildConfiguration;
			buildSettings = {
				ALWAYS_SEARCH_USER_PATHS = NO;
				CLANG_ANALYZER_NONNULL = YES;
				CLANG_ANALYZER_NUMBER_OBJECT_CONVERSION = YES_AGGRESSIVE;
				CLANG_CXX_LANGUAGE_STANDARD = "gnu++17";
				CLANG_CXX_LIBRARY = "libc++";
				CLANG_ENABLE_MODULES = YES;
				CLANG_ENABLE_OBJC_ARC = YES;
				CLANG_ENABLE_OBJC_WEAK = YES;
				CLANG_WARN_BLOCK_CAPTURE_AUTORELEASING = YES;
				CLANG_WARN_BOOL_CONVERSION = YES;
				CLANG_WARN_COMMA = YES;
				CLANG_WARN_CONSTANT_CONVERSION = YES;
				CLANG_WARN_DEPRECATED_OBJC_IMPLEMENTATIONS = YES;
				CLANG_WARN_DIRECT_OBJC_ISA_USAGE = YES_ERROR;
				CLANG_WARN_DOCUMENTATION_COMMENTS = YES;
				CLANG_WARN_EMPTY_BODY = YES;
				CLANG_WARN_ENUM_CONVERSION = YES;
				CLANG_WARN_INFINITE_RECURSION = YES;
				CLANG_WARN_INT_CONVERSION = YES;
				CLANG_WARN_NON_LITERAL_NULL_CONVERSION = YES;
				CLANG_WARN_OBJC_IMPLICIT_RETAIN_SELF = YES;
				CLANG_WARN_OBJC_LITERAL_CONVERSION = YES;
				CLANG_WARN_OBJC_ROOT_CLASS = YES_ERROR;
				CLANG_WARN_QUOTED_INCLUDE_IN_FRAMEWORK_HEADER = YES;
				CLANG_WARN_RANGE_LOOP_ANALYSIS = YES;
				CLANG_WARN_STRICT_PROTOTYPES = YES;
				CLANG_WARN_SUSPICIOUS_MOVE = YES;
				CLANG_WARN_UNGUARDED_AVAILABILITY = YES_AGGRESSIVE;
				CLANG_WARN_UNREACHABLE_CODE = YES;
				CLANG_WARN__DUPLICATE_METHOD_MATCH = YES;
				COPY_PHASE_STRIP = NO;
				DEBUG_INFORMATION_FORMAT = dwarf;
				ENABLE_STRICT_OBJC_MSGSEND = YES;
				ENABLE_TESTABILITY = YES;
				GCC_C_LANGUAGE_STANDARD = gnu11;
				GCC_DYNAMIC_NO_PIC = NO;
				GCC_NO_COMMON_BLOCKS = YES;
				GCC_OPTIMIZATION_LEVEL = 0;
				GCC_PREPROCESSOR_DEFINITIONS = (
					"DEBUG=1",
					"$(inherited)",
				);
				GCC_WARN_64_TO_32_BIT_CONVERSION = YES;
				GCC_WARN_ABOUT_RETURN_TYPE = YES_ERROR;
				GCC_WARN_UNDECLARED_SELECTOR = YES;
				GCC_WARN_UNINITIALIZED_AUTOS = YES_AGGRESSIVE;
				GCC_WARN_UNUSED_FUNCTION = YES;
				GCC_WARN_UNUSED_VARIABLE = YES;
				IPHONEOS_DEPLOYMENT_TARGET = 15.2;
				MTL_ENABLE_DEBUG_INFO = INCLUDE_SOURCE;
				MTL_FAST_MATH = YES;
				ONLY_ACTIVE_ARCH = YES;
				SDKROOT = iphoneos;
				SWIFT_ACTIVE_COMPILATION_CONDITIONS = DEBUG;
				SWIFT_OPTIMIZATION_LEVEL = "-Onone";
			};
			name = Debug;
		};
		B4CAD27027E5F18A0092C958 /* Release */ = {
			isa = XCBuildConfiguration;
			buildSettings = {
				ALWAYS_SEARCH_USER_PATHS = NO;
				CLANG_ANALYZER_NONNULL = YES;
				CLANG_ANALYZER_NUMBER_OBJECT_CONVERSION = YES_AGGRESSIVE;
				CLANG_CXX_LANGUAGE_STANDARD = "gnu++17";
				CLANG_CXX_LIBRARY = "libc++";
				CLANG_ENABLE_MODULES = YES;
				CLANG_ENABLE_OBJC_ARC = YES;
				CLANG_ENABLE_OBJC_WEAK = YES;
				CLANG_WARN_BLOCK_CAPTURE_AUTORELEASING = YES;
				CLANG_WARN_BOOL_CONVERSION = YES;
				CLANG_WARN_COMMA = YES;
				CLANG_WARN_CONSTANT_CONVERSION = YES;
				CLANG_WARN_DEPRECATED_OBJC_IMPLEMENTATIONS = YES;
				CLANG_WARN_DIRECT_OBJC_ISA_USAGE = YES_ERROR;
				CLANG_WARN_DOCUMENTATION_COMMENTS = YES;
				CLANG_WARN_EMPTY_BODY = YES;
				CLANG_WARN_ENUM_CONVERSION = YES;
				CLANG_WARN_INFINITE_RECURSION = YES;
				CLANG_WARN_INT_CONVERSION = YES;
				CLANG_WARN_NON_LITERAL_NULL_CONVERSION = YES;
				CLANG_WARN_OBJC_IMPLICIT_RETAIN_SELF = YES;
				CLANG_WARN_OBJC_LITERAL_CONVERSION = YES;
				CLANG_WARN_OBJC_ROOT_CLASS = YES_ERROR;
				CLANG_WARN_QUOTED_INCLUDE_IN_FRAMEWORK_HEADER = YES;
				CLANG_WARN_RANGE_LOOP_ANALYSIS = YES;
				CLANG_WARN_STRICT_PROTOTYPES = YES;
				CLANG_WARN_SUSPICIOUS_MOVE = YES;
				CLANG_WARN_UNGUARDED_AVAILABILITY = YES_AGGRESSIVE;
				CLANG_WARN_UNREACHABLE_CODE = YES;
				CLANG_WARN__DUPLICATE_METHOD_MATCH = YES;
				COPY_PHASE_STRIP = NO;
				DEBUG_INFORMATION_FORMAT = "dwarf-with-dsym";
				ENABLE_NS_ASSERTIONS = NO;
				ENABLE_STRICT_OBJC_MSGSEND = YES;
				GCC_C_LANGUAGE_STANDARD = gnu11;
				GCC_NO_COMMON_BLOCKS = YES;
				GCC_WARN_64_TO_32_BIT_CONVERSION = YES;
				GCC_WARN_ABOUT_RETURN_TYPE = YES_ERROR;
				GCC_WARN_UNDECLARED_SELECTOR = YES;
				GCC_WARN_UNINITIALIZED_AUTOS = YES_AGGRESSIVE;
				GCC_WARN_UNUSED_FUNCTION = YES;
				GCC_WARN_UNUSED_VARIABLE = YES;
				IPHONEOS_DEPLOYMENT_TARGET = 15.2;
				MTL_ENABLE_DEBUG_INFO = NO;
				MTL_FAST_MATH = YES;
				SDKROOT = iphoneos;
				SWIFT_COMPILATION_MODE = wholemodule;
				SWIFT_OPTIMIZATION_LEVEL = "-O";
				VALIDATE_PRODUCT = YES;
			};
			name = Release;
		};
		B4CAD27227E5F18A0092C958 /* Debug */ = {
			isa = XCBuildConfiguration;
			buildSettings = {
				ASSETCATALOG_COMPILER_APPICON_NAME = AppIcon;
				ASSETCATALOG_COMPILER_GLOBAL_ACCENT_COLOR_NAME = AccentColor;
				ASSETCATALOG_COMPILER_INCLUDE_ALL_APPICON_ASSETS = NO;
				CODE_SIGN_STYLE = Automatic;
				CURRENT_PROJECT_VERSION = 1;
				DEVELOPMENT_ASSET_PATHS = "\"TodoList/Preview Content\"";
				ENABLE_PREVIEWS = YES;
				GENERATE_INFOPLIST_FILE = YES;
				INFOPLIST_FILE = TodoList/Info.plist;
				INFOPLIST_KEY_UIApplicationSceneManifest_Generation = YES;
				INFOPLIST_KEY_UIApplicationSupportsIndirectInputEvents = YES;
				INFOPLIST_KEY_UILaunchScreen_Generation = YES;
				INFOPLIST_KEY_UILaunchStoryboardName = LaunchScreen;
				INFOPLIST_KEY_UISupportedInterfaceOrientations = "UIInterfaceOrientationLandscapeRight UIInterfaceOrientationLandscapeLeft UIInterfaceOrientationPortrait";
				INFOPLIST_KEY_UISupportedInterfaceOrientations_iPad = "UIInterfaceOrientationPortrait UIInterfaceOrientationPortraitUpsideDown UIInterfaceOrientationLandscapeLeft UIInterfaceOrientationLandscapeRight";
				INFOPLIST_KEY_UISupportedInterfaceOrientations_iPhone = "UIInterfaceOrientationPortrait UIInterfaceOrientationLandscapeLeft UIInterfaceOrientationLandscapeRight";
				LD_RUNPATH_SEARCH_PATHS = (
					"$(inherited)",
					"@executable_path/Frameworks",
				);
				MARKETING_VERSION = 1.0;
				PRODUCT_BUNDLE_IDENTIFIER = LionelSIo.TodoList;
				PRODUCT_NAME = "$(TARGET_NAME)";
				SWIFT_EMIT_LOC_STRINGS = YES;
				SWIFT_VERSION = 5.0;
				TARGETED_DEVICE_FAMILY = "1,2";
			};
			name = Debug;
		};
		B4CAD27327E5F18A0092C958 /* Release */ = {
			isa = XCBuildConfiguration;
			buildSettings = {
				ASSETCATALOG_COMPILER_APPICON_NAME = AppIcon;
				ASSETCATALOG_COMPILER_GLOBAL_ACCENT_COLOR_NAME = AccentColor;
				ASSETCATALOG_COMPILER_INCLUDE_ALL_APPICON_ASSETS = NO;
				CODE_SIGN_STYLE = Automatic;
				CURRENT_PROJECT_VERSION = 1;
				DEVELOPMENT_ASSET_PATHS = "\"TodoList/Preview Content\"";
				ENABLE_PREVIEWS = YES;
				GENERATE_INFOPLIST_FILE = YES;
				INFOPLIST_FILE = TodoList/Info.plist;
				INFOPLIST_KEY_UIApplicationSceneManifest_Generation = YES;
				INFOPLIST_KEY_UIApplicationSupportsIndirectInputEvents = YES;
				INFOPLIST_KEY_UILaunchScreen_Generation = YES;
				INFOPLIST_KEY_UILaunchStoryboardName = LaunchScreen;
				INFOPLIST_KEY_UISupportedInterfaceOrientations = "UIInterfaceOrientationLandscapeRight UIInterfaceOrientationLandscapeLeft UIInterfaceOrientationPortrait";
				INFOPLIST_KEY_UISupportedInterfaceOrientations_iPad = "UIInterfaceOrientationPortrait UIInterfaceOrientationPortraitUpsideDown UIInterfaceOrientationLandscapeLeft UIInterfaceOrientationLandscapeRight";
				INFOPLIST_KEY_UISupportedInterfaceOrientations_iPhone = "UIInterfaceOrientationPortrait UIInterfaceOrientationLandscapeLeft UIInterfaceOrientationLandscapeRight";
				LD_RUNPATH_SEARCH_PATHS = (
					"$(inherited)",
					"@executable_path/Frameworks",
				);
				MARKETING_VERSION = 1.0;
				PRODUCT_BUNDLE_IDENTIFIER = LionelSIo.TodoList;
				PRODUCT_NAME = "$(TARGET_NAME)";
				SWIFT_EMIT_LOC_STRINGS = YES;
				SWIFT_VERSION = 5.0;
				TARGETED_DEVICE_FAMILY = "1,2";
			};
			name = Release;
		};
		B4CAD27527E5F18A0092C958 /* Debug */ = {
			isa = XCBuildConfiguration;
			buildSettings = {
				ALWAYS_EMBED_SWIFT_STANDARD_LIBRARIES = YES;
				BUNDLE_LOADER = "$(TEST_HOST)";
				CODE_SIGN_STYLE = Automatic;
				CURRENT_PROJECT_VERSION = 1;
				GENERATE_INFOPLIST_FILE = YES;
				IPHONEOS_DEPLOYMENT_TARGET = 15.2;
				MARKETING_VERSION = 1.0;
				PRODUCT_BUNDLE_IDENTIFIER = LionelSIo.TodoListTests;
				PRODUCT_NAME = "$(TARGET_NAME)";
				SWIFT_EMIT_LOC_STRINGS = NO;
				SWIFT_VERSION = 5.0;
				TARGETED_DEVICE_FAMILY = "1,2";
				TEST_HOST = "$(BUILT_PRODUCTS_DIR)/TodoList.app/TodoList";
			};
			name = Debug;
		};
		B4CAD27627E5F18A0092C958 /* Release */ = {
			isa = XCBuildConfiguration;
			buildSettings = {
				ALWAYS_EMBED_SWIFT_STANDARD_LIBRARIES = YES;
				BUNDLE_LOADER = "$(TEST_HOST)";
				CODE_SIGN_STYLE = Automatic;
				CURRENT_PROJECT_VERSION = 1;
				GENERATE_INFOPLIST_FILE = YES;
				IPHONEOS_DEPLOYMENT_TARGET = 15.2;
				MARKETING_VERSION = 1.0;
				PRODUCT_BUNDLE_IDENTIFIER = LionelSIo.TodoListTests;
				PRODUCT_NAME = "$(TARGET_NAME)";
				SWIFT_EMIT_LOC_STRINGS = NO;
				SWIFT_VERSION = 5.0;
				TARGETED_DEVICE_FAMILY = "1,2";
				TEST_HOST = "$(BUILT_PRODUCTS_DIR)/TodoList.app/TodoList";
			};
			name = Release;
		};
		B4CAD27827E5F18A0092C958 /* Debug */ = {
			isa = XCBuildConfiguration;
			buildSettings = {
				ALWAYS_EMBED_SWIFT_STANDARD_LIBRARIES = YES;
				CODE_SIGN_STYLE = Automatic;
				CURRENT_PROJECT_VERSION = 1;
				GENERATE_INFOPLIST_FILE = YES;
				MARKETING_VERSION = 1.0;
				PRODUCT_BUNDLE_IDENTIFIER = LionelSIo.TodoListUITests;
				PRODUCT_NAME = "$(TARGET_NAME)";
				SWIFT_EMIT_LOC_STRINGS = NO;
				SWIFT_VERSION = 5.0;
				TARGETED_DEVICE_FAMILY = "1,2";
				TEST_TARGET_NAME = TodoList;
			};
			name = Debug;
		};
		B4CAD27927E5F18A0092C958 /* Release */ = {
			isa = XCBuildConfiguration;
			buildSettings = {
				ALWAYS_EMBED_SWIFT_STANDARD_LIBRARIES = YES;
				CODE_SIGN_STYLE = Automatic;
				CURRENT_PROJECT_VERSION = 1;
				GENERATE_INFOPLIST_FILE = YES;
				MARKETING_VERSION = 1.0;
				PRODUCT_BUNDLE_IDENTIFIER = LionelSIo.TodoListUITests;
				PRODUCT_NAME = "$(TARGET_NAME)";
				SWIFT_EMIT_LOC_STRINGS = NO;
				SWIFT_VERSION = 5.0;
				TARGETED_DEVICE_FAMILY = "1,2";
				TEST_TARGET_NAME = TodoList;
			};
			name = Release;
		};
/* End XCBuildConfiguration section */

/* Begin XCConfigurationList section */
		B4CAD24827E5F1870092C958 /* Build configuration list for PBXProject "TodoList" */ = {
			isa = XCConfigurationList;
			buildConfigurations = (
				B4CAD26F27E5F18A0092C958 /* Debug */,
				B4CAD27027E5F18A0092C958 /* Release */,
			);
			defaultConfigurationIsVisible = 0;
			defaultConfigurationName = Release;
		};
		B4CAD27127E5F18A0092C958 /* Build configuration list for PBXNativeTarget "TodoList" */ = {
			isa = XCConfigurationList;
			buildConfigurations = (
				B4CAD27227E5F18A0092C958 /* Debug */,
				B4CAD27327E5F18A0092C958 /* Release */,
			);
			defaultConfigurationIsVisible = 0;
			defaultConfigurationName = Release;
		};
		B4CAD27427E5F18A0092C958 /* Build configuration list for PBXNativeTarget "TodoListTests" */ = {
			isa = XCConfigurationList;
			buildConfigurations = (
				B4CAD27527E5F18A0092C958 /* Debug */,
				B4CAD27627E5F18A0092C958 /* Release */,
			);
			defaultConfigurationIsVisible = 0;
			defaultConfigurationName = Release;
		};
		B4CAD27727E5F18A0092C958 /* Build configuration list for PBXNativeTarget "TodoListUITests" */ = {
			isa = XCConfigurationList;
			buildConfigurations = (
				B4CAD27827E5F18A0092C958 /* Debug */,
				B4CAD27927E5F18A0092C958 /* Release */,
			);
			defaultConfigurationIsVisible = 0;
			defaultConfigurationName = Release;
		};
/* End XCConfigurationList section */
	};
	rootObject = B4CAD24527E5F1870092C958 /* Project object */;
}
